
Microsoft Visual Studio Solution File, Format Version 12.00
# Visual Studio 15
VisualStudioVersion = 15.0.28307.168
MinimumVisualStudioVersion = 10.0.40219.1
Project("{FAE04EC0-301F-11D3-BF4B-00C04F79EFBC}") = "ConsoleApp5", "ConsoleApp5\ConsoleApp5.csproj", "{A8FCC4D3-B0E6-4265-8BAB-85769A2819CC}"
EndProject
Global
	GlobalSection(SolutionConfigurationPlatforms) = preSolution
		Debug|Any CPU = Debug|Any CPU
		Release|Any CPU = Release|Any CPU
	EndGlobalSection
	GlobalSection(ProjectConfigurationPlatforms) = postSolution
		{A8FCC4D3-B0E6-4265-8BAB-85769A2819CC}.Debug|Any CPU.ActiveCfg = Debug|Any CPU
		{A8FCC4D3-B0E6-4265-8BAB-85769A2819CC}.Debug|Any CPU.Build.0 = Debug|Any CPU
		{A8FCC4D3-B0E6-4265-8BAB-85769A2819CC}.Release|Any CPU.ActiveCfg = Release|Any CPU
		{A8FCC4D3-B0E6-4265-8BAB-85769A2819CC}.Release|Any CPU.Build.0 = Release|Any CPU
	EndGlobalSection
	GlobalSection(SolutionProperties) = preSolution
		HideSolutionNode = FALSE
	EndGlobalSection
	GlobalSection(ExtensibilityGlobals) = postSolution
		SolutionGuid = {FF09B233-83D2-4B91-8FEB-F179D5ADA884}
	EndGlobalSection
EndGlobal
